
Microsoft Visual Studio Solution File, Format Version 12.00
# Visual Studio 15
VisualStudioVersion = 15.0.27130.2036
MinimumVisualStudioVersion = 10.0.40219.1
Project("{2150E333-8FDC-42A3-9474-1A3956D46DE8}") = ".metadata", ".metadata", "{72FF8D2F-9C10-4FF8-A11C-D789DA903B23}"
	ProjectSection(SolutionItems) = preProject
		.gitattributes = .gitattributes
		.gitignore = .gitignore
		README.md = README.md
	EndProjectSection
EndProject
Project("{FAE04EC0-301F-11D3-BF4B-00C04F79EFBC}") = "LocationCompass", "LocationCompass\LocationCompass.csproj", "{DE3B91FA-F6D6-456D-874C-74B9250DC298}"
EndProject
Project("{FAE04EC0-301F-11D3-BF4B-00C04F79EFBC}") = "NPCMapLocations", "NPCMapLocations\NPCMapLocations.csproj", "{DEBB8305-B850-42B7-8384-7216E71A1A2D}"
EndProject
Global
	GlobalSection(SolutionConfigurationPlatforms) = preSolution
		Debug|Any CPU = Debug|Any CPU
		Debug|x86 = Debug|x86
		Release|Any CPU = Release|Any CPU
		Release|x86 = Release|x86
	EndGlobalSection
	GlobalSection(ProjectConfigurationPlatforms) = postSolution
		{DE3B91FA-F6D6-456D-874C-74B9250DC298}.Debug|Any CPU.ActiveCfg = Debug|x86
		{DE3B91FA-F6D6-456D-874C-74B9250DC298}.Debug|Any CPU.Build.0 = Debug|x86
		{DE3B91FA-F6D6-456D-874C-74B9250DC298}.Debug|x86.ActiveCfg = Debug|Any CPU
		{DE3B91FA-F6D6-456D-874C-74B9250DC298}.Debug|x86.Build.0 = Debug|Any CPU
		{DE3B91FA-F6D6-456D-874C-74B9250DC298}.Release|Any CPU.ActiveCfg = Release|Any CPU
		{DE3B91FA-F6D6-456D-874C-74B9250DC298}.Release|Any CPU.Build.0 = Release|Any CPU
		{DE3B91FA-F6D6-456D-874C-74B9250DC298}.Release|x86.ActiveCfg = Release|x86
		{DE3B91FA-F6D6-456D-874C-74B9250DC298}.Release|x86.Build.0 = Release|x86
		{DEBB8305-B850-42B7-8384-7216E71A1A2D}.Debug|Any CPU.ActiveCfg = Debug|Any CPU
		{DEBB8305-B850-42B7-8384-7216E71A1A2D}.Debug|Any CPU.Build.0 = Debug|Any CPU
		{DEBB8305-B850-42B7-8384-7216E71A1A2D}.Debug|x86.ActiveCfg = Debug|Any CPU
		{DEBB8305-B850-42B7-8384-7216E71A1A2D}.Debug|x86.Build.0 = Debug|Any CPU
		{DEBB8305-B850-42B7-8384-7216E71A1A2D}.Release|Any CPU.ActiveCfg = Release|Any CPU
		{DEBB8305-B850-42B7-8384-7216E71A1A2D}.Release|Any CPU.Build.0 = Release|Any CPU
		{DEBB8305-B850-42B7-8384-7216E71A1A2D}.Release|x86.ActiveCfg = Release|Any CPU
		{DEBB8305-B850-42B7-8384-7216E71A1A2D}.Release|x86.Build.0 = Release|Any CPU
	EndGlobalSection
	GlobalSection(SolutionProperties) = preSolution
		HideSolutionNode = FALSE
	EndGlobalSection
	GlobalSection(ExtensibilityGlobals) = postSolution
		SolutionGuid = {4DFF28DD-B9AB-4A9D-83B7-8B615D36F754}
	EndGlobalSection
EndGlobal
