
Microsoft Visual Studio Solution File, Format Version 12.00
# Visual Studio 15
VisualStudioVersion = 15.0.28307.168
MinimumVisualStudioVersion = 10.0.40219.1
Project("{2150E333-8FDC-42A3-9474-1A3956D46DE8}") = "root", "root", "{72FF8D2F-9C10-4FF8-A11C-D789DA903B23}"
	ProjectSection(SolutionItems) = preProject
		.editorconfig = .editorconfig
		.gitattributes = .gitattributes
		.gitignore = .gitignore
		README.md = README.md
	EndProjectSection
EndProject
Project("{9A19103F-16F7-4668-BE54-9A1E7A4F7556}") = "LocationCompass", "LocationCompass\LocationCompass.csproj", "{8DBA97C7-8E77-4FBF-A717-5AD30B4DF50D}"
EndProject
Project("{9A19103F-16F7-4668-BE54-9A1E7A4F7556}") = "NPCMapLocations", "NPCMapLocations\NPCMapLocations.csproj", "{657A6295-99BE-4E58-A6B8-D5557FC1B46F}"
EndProject
Project("{D954291E-2A0B-460D-934E-DC6B0785DB48}") = "LocationUtil", "LocationUtil\LocationUtil.shproj", "{B5722EEF-6C91-400D-B644-9FAC63FE2777}"
EndProject
Project("{D954291E-2A0B-460D-934E-DC6B0785DB48}") = "MouseUtil", "MouseUtil\MouseUtil.shproj", "{07F48E86-0BAD-4DCE-A967-7F42A8BD3D13}"
EndProject
Global
	GlobalSection(SharedMSBuildProjectFiles) = preSolution
		MouseUtil\MouseUtil.projitems*{07f48e86-0bad-4dce-a967-7f42a8bd3d13}*SharedItemsImports = 13
		LocationUtil\LocationUtil.projitems*{b5722eef-6c91-400d-b644-9fac63fe2777}*SharedItemsImports = 13
	EndGlobalSection
	GlobalSection(SolutionConfigurationPlatforms) = preSolution
		Debug|Any CPU = Debug|Any CPU
		Debug|x86 = Debug|x86
		Release|Any CPU = Release|Any CPU
		Release|x86 = Release|x86
	EndGlobalSection
	GlobalSection(ProjectConfigurationPlatforms) = postSolution
		{8DBA97C7-8E77-4FBF-A717-5AD30B4DF50D}.Debug|Any CPU.ActiveCfg = Debug|x86
		{8DBA97C7-8E77-4FBF-A717-5AD30B4DF50D}.Debug|Any CPU.Build.0 = Debug|x86
		{8DBA97C7-8E77-4FBF-A717-5AD30B4DF50D}.Debug|x86.ActiveCfg = Debug|x86
		{8DBA97C7-8E77-4FBF-A717-5AD30B4DF50D}.Debug|x86.Build.0 = Debug|x86
		{8DBA97C7-8E77-4FBF-A717-5AD30B4DF50D}.Release|Any CPU.ActiveCfg = Release|x86
		{8DBA97C7-8E77-4FBF-A717-5AD30B4DF50D}.Release|x86.ActiveCfg = Release|x86
		{8DBA97C7-8E77-4FBF-A717-5AD30B4DF50D}.Release|x86.Build.0 = Release|x86
		{657A6295-99BE-4E58-A6B8-D5557FC1B46F}.Debug|Any CPU.ActiveCfg = Debug|x86
		{657A6295-99BE-4E58-A6B8-D5557FC1B46F}.Debug|x86.ActiveCfg = Debug|x86
		{657A6295-99BE-4E58-A6B8-D5557FC1B46F}.Debug|x86.Build.0 = Debug|x86
		{657A6295-99BE-4E58-A6B8-D5557FC1B46F}.Release|Any CPU.ActiveCfg = Release|x86
		{657A6295-99BE-4E58-A6B8-D5557FC1B46F}.Release|x86.ActiveCfg = Release|x86
		{657A6295-99BE-4E58-A6B8-D5557FC1B46F}.Release|x86.Build.0 = Release|x86
	EndGlobalSection
	GlobalSection(SolutionProperties) = preSolution
		HideSolutionNode = FALSE
	EndGlobalSection
	GlobalSection(ExtensibilityGlobals) = postSolution
		SolutionGuid = {4DFF28DD-B9AB-4A9D-83B7-8B615D36F754}
	EndGlobalSection
EndGlobal
